
Microsoft Visual Studio Solution File, Format Version 12.00
# Visual Studio Version 17
VisualStudioVersion = 17.6.33723.286
MinimumVisualStudioVersion = 10.0.40219.1
Project("{FAE04EC0-301F-11D3-BF4B-00C04F79EFBC}") = "BlogProject.API", "BlogProject.API\BlogProject.API.csproj", "{09A4CB14-E715-42EF-9E8E-EFD01494AE1E}"
EndProject
Global
	GlobalSection(SolutionConfigurationPlatforms) = preSolution
		Debug|Any CPU = Debug|Any CPU
		Release|Any CPU = Release|Any CPU
	EndGlobalSection
	GlobalSection(ProjectConfigurationPlatforms) = postSolution
		{09A4CB14-E715-42EF-9E8E-EFD01494AE1E}.Debug|Any CPU.ActiveCfg = Debug|Any CPU
		{09A4CB14-E715-42EF-9E8E-EFD01494AE1E}.Debug|Any CPU.Build.0 = Debug|Any CPU
		{09A4CB14-E715-42EF-9E8E-EFD01494AE1E}.Release|Any CPU.ActiveCfg = Release|Any CPU
		{09A4CB14-E715-42EF-9E8E-EFD01494AE1E}.Release|Any CPU.Build.0 = Release|Any CPU
	EndGlobalSection
	GlobalSection(SolutionProperties) = preSolution
		HideSolutionNode = FALSE
	EndGlobalSection
	GlobalSection(ExtensibilityGlobals) = postSolution
		SolutionGuid = {3084F9FC-5845-4D55-BF09-C337BD177488}
	EndGlobalSection
EndGlobal
